// !$*UTF8*$!
{
	archiveVersion = 1;
	classes = {
	};
	objectVersion = 46;
	objects = {

/* Begin PBXBuildFile section */
		5D6EF7CE1E5CF6020078E479 /* main.m in Sources */ = {isa = PBXBuildFile; fileRef = 5D6EF7CD1E5CF6020078E479 /* main.m */; };
		5D6EF7D11E5CF6020078E479 /* AppDelegate.m in Sources */ = {isa = PBXBuildFile; fileRef = 5D6EF7D01E5CF6020078E479 /* AppDelegate.m */; };
		5D6EF7D41E5CF6020078E479 /* MasterViewController.m in Sources */ = {isa = PBXBuildFile; fileRef = 5D6EF7D31E5CF6020078E479 /* MasterViewController.m */; };
		5D6EF7D71E5CF6020078E479 /* DetailViewController.m in Sources */ = {isa = PBXBuildFile; fileRef = 5D6EF7D61E5CF6020078E479 /* DetailViewController.m */; };
		5D6EF7DA1E5CF6020078E479 /* Main.storyboard in Resources */ = {isa = PBXBuildFile; fileRef = 5D6EF7D81E5CF6020078E479 /* Main.storyboard */; };
		5D6EF7DC1E5CF6020078E479 /* Assets.xcassets in Resources */ = {isa = PBXBuildFile; fileRef = 5D6EF7DB1E5CF6020078E479 /* Assets.xcassets */; };
		5D6EF7DF1E5CF6020078E479 /* LaunchScreen.storyboard in Resources */ = {isa = PBXBuildFile; fileRef = 5D6EF7DD1E5CF6020078E479 /* LaunchScreen.storyboard */; };
		5D6EF7E81E5CF6140078E479 /* ToDo.m in Sources */ = {isa = PBXBuildFile; fileRef = 5D6EF7E71E5CF6140078E479 /* ToDo.m */; };
		5D6EF7EE1E5CFB720078E479 /* ToDoTableViewCell.m in Sources */ = {isa = PBXBuildFile; fileRef = 5D6EF7ED1E5CFB720078E479 /* ToDoTableViewCell.m */; };
		5D6EF7F11E5D27E20078E479 /* AddItemViewController.m in Sources */ = {isa = PBXBuildFile; fileRef = 5D6EF7F01E5D27E20078E479 /* AddItemViewController.m */; };
/* End PBXBuildFile section */

/* Begin PBXFileReference section */
		5D6EF7C91E5CF6020078E479 /* EveryDo.app */ = {isa = PBXFileReference; explicitFileType = wrapper.application; includeInIndex = 0; path = EveryDo.app; sourceTree = BUILT_PRODUCTS_DIR; };
		5D6EF7CD1E5CF6020078E479 /* main.m */ = {isa = PBXFileReference; lastKnownFileType = sourcecode.c.objc; path = main.m; sourceTree = "<group>"; };
		5D6EF7CF1E5CF6020078E479 /* AppDelegate.h */ = {isa = PBXFileReference; lastKnownFileType = sourcecode.c.h; path = AppDelegate.h; sourceTree = "<group>"; };
		5D6EF7D01E5CF6020078E479 /* AppDelegate.m */ = {isa = PBXFileReference; lastKnownFileType = sourcecode.c.objc; path = AppDelegate.m; sourceTree = "<group>"; };
		5D6EF7D21E5CF6020078E479 /* MasterViewController.h */ = {isa = PBXFileReference; lastKnownFileType = sourcecode.c.h; path = MasterViewController.h; sourceTree = "<group>"; };
		5D6EF7D31E5CF6020078E479 /* MasterViewController.m */ = {isa = PBXFileReference; lastKnownFileType = sourcecode.c.objc; path = MasterViewController.m; sourceTree = "<group>"; };
		5D6EF7D51E5CF6020078E479 /* DetailViewController.h */ = {isa = PBXFileReference; lastKnownFileType = sourcecode.c.h; path = DetailViewController.h; sourceTree = "<group>"; };
		5D6EF7D61E5CF6020078E479 /* DetailViewController.m */ = {isa = PBXFileReference; lastKnownFileType = sourcecode.c.objc; path = DetailViewController.m; sourceTree = "<group>"; };
		5D6EF7D91E5CF6020078E479 /* Base */ = {isa = PBXFileReference; lastKnownFileType = file.storyboard; name = Base; path = Base.lproj/Main.storyboard; sourceTree = "<group>"; };
		5D6EF7DB1E5CF6020078E479 /* Assets.xcassets */ = {isa = PBXFileReference; lastKnownFileType = folder.assetcatalog; path = Assets.xcassets; sourceTree = "<group>"; };
		5D6EF7DE1E5CF6020078E479 /* Base */ = {isa = PBXFileReference; lastKnownFileType = file.storyboard; name = Base; path = Base.lproj/LaunchScreen.storyboard; sourceTree = "<group>"; };
		5D6EF7E01E5CF6020078E479 /* Info.plist */ = {isa = PBXFileReference; lastKnownFileType = text.plist.xml; path = Info.plist; sourceTree = "<group>"; };
		5D6EF7E61E5CF6140078E479 /* ToDo.h */ = {isa = PBXFileReference; fileEncoding = 4; lastKnownFileType = sourcecode.c.h; path = ToDo.h; sourceTree = "<group>"; };
		5D6EF7E71E5CF6140078E479 /* ToDo.m */ = {isa = PBXFileReference; fileEncoding = 4; lastKnownFileType = sourcecode.c.objc; path = ToDo.m; sourceTree = "<group>"; };
		5D6EF7EC1E5CFB720078E479 /* ToDoTableViewCell.h */ = {isa = PBXFileReference; fileEncoding = 4; lastKnownFileType = sourcecode.c.h; path = ToDoTableViewCell.h; sourceTree = "<group>"; };
		5D6EF7ED1E5CFB720078E479 /* ToDoTableViewCell.m */ = {isa = PBXFileReference; fileEncoding = 4; lastKnownFileType = sourcecode.c.objc; path = ToDoTableViewCell.m; sourceTree = "<group>"; };
		5D6EF7EF1E5D27E20078E479 /* AddItemViewController.h */ = {isa = PBXFileReference; fileEncoding = 4; lastKnownFileType = sourcecode.c.h; path = AddItemViewController.h; sourceTree = "<group>"; };
		5D6EF7F01E5D27E20078E479 /* AddItemViewController.m */ = {isa = PBXFileReference; fileEncoding = 4; lastKnownFileType = sourcecode.c.objc; path = AddItemViewController.m; sourceTree = "<group>"; };
/* End PBXFileReference section */

/* Begin PBXFrameworksBuildPhase section */
		5D6EF7C61E5CF6020078E479 /* Frameworks */ = {
			isa = PBXFrameworksBuildPhase;
			buildActionMask = 2147483647;
			files = (
			);
			runOnlyForDeploymentPostprocessing = 0;
		};
/* End PBXFrameworksBuildPhase section */

/* Begin PBXGroup section */
		5D6EF7C01E5CF6020078E479 = {
			isa = PBXGroup;
			children = (
				5D6EF7CB1E5CF6020078E479 /* EveryDo */,
				5D6EF7CA1E5CF6020078E479 /* Products */,
			);
			sourceTree = "<group>";
		};
		5D6EF7CA1E5CF6020078E479 /* Products */ = {
			isa = PBXGroup;
			children = (
				5D6EF7C91E5CF6020078E479 /* EveryDo.app */,
			);
			name = Products;
			sourceTree = "<group>";
		};
		5D6EF7CB1E5CF6020078E479 /* EveryDo */ = {
			isa = PBXGroup;
			children = (
				5D6EF7E91E5CF61A0078E479 /* Model */,
				5D6EF7EB1E5CF62E0078E479 /* Controller */,
				5D6EF7EA1E5CF6210078E479 /* View */,
				5D6EF7D81E5CF6020078E479 /* Main.storyboard */,
				5D6EF7DB1E5CF6020078E479 /* Assets.xcassets */,
				5D6EF7CF1E5CF6020078E479 /* AppDelegate.h */,
				5D6EF7D01E5CF6020078E479 /* AppDelegate.m */,
				5D6EF7DD1E5CF6020078E479 /* LaunchScreen.storyboard */,
				5D6EF7E01E5CF6020078E479 /* Info.plist */,
				5D6EF7CC1E5CF6020078E479 /* Supporting Files */,
			);
			path = EveryDo;
			sourceTree = "<group>";
		};
		5D6EF7CC1E5CF6020078E479 /* Supporting Files */ = {
			isa = PBXGroup;
			children = (
				5D6EF7CD1E5CF6020078E479 /* main.m */,
			);
			name = "Supporting Files";
			sourceTree = "<group>";
		};
		5D6EF7E91E5CF61A0078E479 /* Model */ = {
			isa = PBXGroup;
			children = (
				5D6EF7E61E5CF6140078E479 /* ToDo.h */,
				5D6EF7E71E5CF6140078E479 /* ToDo.m */,
			);
			name = Model;
			sourceTree = "<group>";
		};
		5D6EF7EA1E5CF6210078E479 /* View */ = {
			isa = PBXGroup;
			children = (
				5D6EF7EC1E5CFB720078E479 /* ToDoTableViewCell.h */,
				5D6EF7ED1E5CFB720078E479 /* ToDoTableViewCell.m */,
			);
			name = View;
			sourceTree = "<group>";
		};
		5D6EF7EB1E5CF62E0078E479 /* Controller */ = {
			isa = PBXGroup;
			children = (
				5D6EF7D21E5CF6020078E479 /* MasterViewController.h */,
				5D6EF7D31E5CF6020078E479 /* MasterViewController.m */,
				5D6EF7D51E5CF6020078E479 /* DetailViewController.h */,
				5D6EF7D61E5CF6020078E479 /* DetailViewController.m */,
				5D6EF7EF1E5D27E20078E479 /* AddItemViewController.h */,
				5D6EF7F01E5D27E20078E479 /* AddItemViewController.m */,
			);
			name = Controller;
			sourceTree = "<group>";
		};
/* End PBXGroup section */

/* Begin PBXNativeTarget section */
		5D6EF7C81E5CF6020078E479 /* EveryDo */ = {
			isa = PBXNativeTarget;
			buildConfigurationList = 5D6EF7E31E5CF6020078E479 /* Build configuration list for PBXNativeTarget "EveryDo" */;
			buildPhases = (
				5D6EF7C51E5CF6020078E479 /* Sources */,
				5D6EF7C61E5CF6020078E479 /* Frameworks */,
				5D6EF7C71E5CF6020078E479 /* Resources */,
			);
			buildRules = (
			);
			dependencies = (
			);
			name = EveryDo;
			productName = EveryDo;
			productReference = 5D6EF7C91E5CF6020078E479 /* EveryDo.app */;
			productType = "com.apple.product-type.application";
		};
/* End PBXNativeTarget section */

/* Begin PBXProject section */
		5D6EF7C11E5CF6020078E479 /* Project object */ = {
			isa = PBXProject;
			attributes = {
				LastUpgradeCheck = 0820;
				ORGANIZATIONNAME = "Sofia Knezevic";
				TargetAttributes = {
					5D6EF7C81E5CF6020078E479 = {
						CreatedOnToolsVersion = 8.2.1;
						DevelopmentTeam = SKGXTRK4EB;
						ProvisioningStyle = Automatic;
					};
				};
			};
			buildConfigurationList = 5D6EF7C41E5CF6020078E479 /* Build configuration list for PBXProject "EveryDo" */;
			compatibilityVersion = "Xcode 3.2";
			developmentRegion = English;
			hasScannedForEncodings = 0;
			knownRegions = (
				en,
				Base,
			);
			mainGroup = 5D6EF7C01E5CF6020078E479;
			productRefGroup = 5D6EF7CA1E5CF6020078E479 /* Products */;
			projectDirPath = "";
			projectRoot = "";
			targets = (
				5D6EF7C81E5CF6020078E479 /* EveryDo */,
			);
		};
/* End PBXProject section */

/* Begin PBXResourcesBuildPhase section */
		5D6EF7C71E5CF6020078E479 /* Resources */ = {
			isa = PBXResourcesBuildPhase;
			buildActionMask = 2147483647;
			files = (
				5D6EF7DF1E5CF6020078E479 /* LaunchScreen.storyboard in Resources */,
				5D6EF7DC1E5CF6020078E479 /* Assets.xcassets in Resources */,
				5D6EF7DA1E5CF6020078E479 /* Main.storyboard in Resources */,
			);
			runOnlyForDeploymentPostprocessing = 0;
		};
/* End PBXResourcesBuildPhase section */

/* Begin PBXSourcesBuildPhase section */
		5D6EF7C51E5CF6020078E479 /* Sources */ = {
			isa = PBXSourcesBuildPhase;
			buildActionMask = 2147483647;
			files = (
				5D6EF7E81E5CF6140078E479 /* ToDo.m in Sources */,
				5D6EF7D11E5CF6020078E479 /* AppDelegate.m in Sources */,
				5D6EF7F11E5D27E20078E479 /* AddItemViewController.m in Sources */,
				5D6EF7D41E5CF6020078E479 /* MasterViewController.m in Sources */,
				5D6EF7EE1E5CFB720078E479 /* ToDoTableViewCell.m in Sources */,
				5D6EF7CE1E5CF6020078E479 /* main.m in Sources */,
				5D6EF7D71E5CF6020078E479 /* DetailViewController.m in Sources */,
			);
			runOnlyForDeploymentPostprocessing = 0;
		};
/* End PBXSourcesBuildPhase section */

/* Begin PBXVariantGroup section */
		5D6EF7D81E5CF6020078E479 /* Main.storyboard */ = {
			isa = PBXVariantGroup;
			children = (
				5D6EF7D91E5CF6020078E479 /* Base */,
			);
			name = Main.storyboard;
			sourceTree = "<group>";
		};
		5D6EF7DD1E5CF6020078E479 /* LaunchScreen.storyboard */ = {
			isa = PBXVariantGroup;
			children = (
				5D6EF7DE1E5CF6020078E479 /* Base */,
			);
			name = LaunchScreen.storyboard;
			sourceTree = "<group>";
		};
/* End PBXVariantGroup section */

/* Begin XCBuildConfiguration section */
		5D6EF7E11E5CF6020078E479 /* Debug */ = {
			isa = XCBuildConfiguration;
			buildSettings = {
				ALWAYS_SEARCH_USER_PATHS = NO;
				CLANG_ANALYZER_NONNULL = YES;
				CLANG_CXX_LANGUAGE_STANDARD = "gnu++0x";
				CLANG_CXX_LIBRARY = "libc++";
				CLANG_ENABLE_MODULES = YES;
				CLANG_ENABLE_OBJC_ARC = YES;
				CLANG_WARN_BOOL_CONVERSION = YES;
				CLANG_WARN_CONSTANT_CONVERSION = YES;
				CLANG_WARN_DIRECT_OBJC_ISA_USAGE = YES_ERROR;
				CLANG_WARN_DOCUMENTATION_COMMENTS = YES;
				CLANG_WARN_EMPTY_BODY = YES;
				CLANG_WARN_ENUM_CONVERSION = YES;
				CLANG_WARN_INFINITE_RECURSION = YES;
				CLANG_WARN_INT_CONVERSION = YES;
				CLANG_WARN_OBJC_ROOT_CLASS = YES_ERROR;
				CLANG_WARN_SUSPICIOUS_MOVE = YES;
				CLANG_WARN_UNREACHABLE_CODE = YES;
				CLANG_WARN__DUPLICATE_METHOD_MATCH = YES;
				"CODE_SIGN_IDENTITY[sdk=iphoneos*]" = "iPhone Developer";
				COPY_PHASE_STRIP = NO;
				DEBUG_INFORMATION_FORMAT = dwarf;
				ENABLE_STRICT_OBJC_MSGSEND = YES;
				ENABLE_TESTABILITY = YES;
				GCC_C_LANGUAGE_STANDARD = gnu99;
				GCC_DYNAMIC_NO_PIC = NO;
				GCC_NO_COMMON_BLOCKS = YES;
				GCC_OPTIMIZATION_LEVEL = 0;
				GCC_PREPROCESSOR_DEFINITIONS = (
					"DEBUG=1",
					"$(inherited)",
				);
				GCC_WARN_64_TO_32_BIT_CONVERSION = YES;
				GCC_WARN_ABOUT_RETURN_TYPE = YES_ERROR;
				GCC_WARN_UNDECLARED_SELECTOR = YES;
				GCC_WARN_UNINITIALIZED_AUTOS = YES_AGGRESSIVE;
				GCC_WARN_UNUSED_FUNCTION = YES;
				GCC_WARN_UNUSED_VARIABLE = YES;
				IPHONEOS_DEPLOYMENT_TARGET = 10.2;
				MTL_ENABLE_DEBUG_INFO = YES;
				ONLY_ACTIVE_ARCH = YES;
				SDKROOT = iphoneos;
			};
			name = Debug;
		};
		5D6EF7E21E5CF6020078E479 /* Release */ = {
			isa = XCBuildConfiguration;
			buildSettings = {
				ALWAYS_SEARCH_USER_PATHS = NO;
				CLANG_ANALYZER_NONNULL = YES;
				CLANG_CXX_LANGUAGE_STANDARD = "gnu++0x";
				CLANG_CXX_LIBRARY = "libc++";
				CLANG_ENABLE_MODULES = YES;
				CLANG_ENABLE_OBJC_ARC = YES;
				CLANG_WARN_BOOL_CONVERSION = YES;
				CLANG_WARN_CONSTANT_CONVERSION = YES;
				CLANG_WARN_DIRECT_OBJC_ISA_USAGE = YES_ERROR;
				CLANG_WARN_DOCUMENTATION_COMMENTS = YES;
				CLANG_WARN_EMPTY_BODY = YES;
				CLANG_WARN_ENUM_CONVERSION = YES;
				CLANG_WARN_INFINITE_RECURSION = YES;
				CLANG_WARN_INT_CONVERSION = YES;
				CLANG_WARN_OBJC_ROOT_CLASS = YES_ERROR;
				CLANG_WARN_SUSPICIOUS_MOVE = YES;
				CLANG_WARN_UNREACHABLE_CODE = YES;
				CLANG_WARN__DUPLICATE_METHOD_MATCH = YES;
				"CODE_SIGN_IDENTITY[sdk=iphoneos*]" = "iPhone Developer";
				COPY_PHASE_STRIP = NO;
				DEBUG_INFORMATION_FORMAT = "dwarf-with-dsym";
				ENABLE_NS_ASSERTIONS = NO;
				ENABLE_STRICT_OBJC_MSGSEND = YES;
				GCC_C_LANGUAGE_STANDARD = gnu99;
				GCC_NO_COMMON_BLOCKS = YES;
				GCC_WARN_64_TO_32_BIT_CONVERSION = YES;
				GCC_WARN_ABOUT_RETURN_TYPE = YES_ERROR;
				GCC_WARN_UNDECLARED_SELECTOR = YES;
				GCC_WARN_UNINITIALIZED_AUTOS = YES_AGGRESSIVE;
				GCC_WARN_UNUSED_FUNCTION = YES;
				GCC_WARN_UNUSED_VARIABLE = YES;
				IPHONEOS_DEPLOYMENT_TARGET = 10.2;
				MTL_ENABLE_DEBUG_INFO = NO;
				SDKROOT = iphoneos;
				VALIDATE_PRODUCT = YES;
			};
			name = Release;
		};
		5D6EF7E41E5CF6020078E479 /* Debug */ = {
			isa = XCBuildConfiguration;
			buildSettings = {
				ASSETCATALOG_COMPILER_APPICON_NAME = AppIcon;
				DEVELOPMENT_TEAM = SKGXTRK4EB;
				INFOPLIST_FILE = EveryDo/Info.plist;
				LD_RUNPATH_SEARCH_PATHS = "$(inherited) @executable_path/Frameworks";
				PRODUCT_BUNDLE_IDENTIFIER = sofiaknezevic.EveryDo;
				PRODUCT_NAME = "$(TARGET_NAME)";
			};
			name = Debug;
		};
		5D6EF7E51E5CF6020078E479 /* Release */ = {
			isa = XCBuildConfiguration;
			buildSettings = {
				ASSETCATALOG_COMPILER_APPICON_NAME = AppIcon;
				DEVELOPMENT_TEAM = SKGXTRK4EB;
				INFOPLIST_FILE = EveryDo/Info.plist;
				LD_RUNPATH_SEARCH_PATHS = "$(inherited) @executable_path/Frameworks";
				PRODUCT_BUNDLE_IDENTIFIER = sofiaknezevic.EveryDo;
				PRODUCT_NAME = "$(TARGET_NAME)";
			};
			name = Release;
		};
/* End XCBuildConfiguration section */

/* Begin XCConfigurationList section */
		5D6EF7C41E5CF6020078E479 /* Build configuration list for PBXProject "EveryDo" */ = {
			isa = XCConfigurationList;
			buildConfigurations = (
				5D6EF7E11E5CF6020078E479 /* Debug */,
				5D6EF7E21E5CF6020078E479 /* Release */,
			);
			defaultConfigurationIsVisible = 0;
			defaultConfigurationName = Release;
		};
		5D6EF7E31E5CF6020078E479 /* Build configuration list for PBXNativeTarget "EveryDo" */ = {
			isa = XCConfigurationList;
			buildConfigurations = (
				5D6EF7E41E5CF6020078E479 /* Debug */,
				5D6EF7E51E5CF6020078E479 /* Release */,
			);
			defaultConfigurationIsVisible = 0;
		};
/* End XCConfigurationList section */
	};
	rootObject = 5D6EF7C11E5CF6020078E479 /* Project object */;
}
